// !$*UTF8*$!
{
	archiveVersion = 1;
	classes = {
	};
	objectVersion = 46;
	objects = {

/* Begin PBXBuildFile section */
		F5C223CE1B230873002949F4 /* main.m in Sources */ = {isa = PBXBuildFile; fileRef = F5C223CD1B230873002949F4 /* main.m */; };
		F5C223D11B230873002949F4 /* AppDelegate.m in Sources */ = {isa = PBXBuildFile; fileRef = F5C223D01B230873002949F4 /* AppDelegate.m */; };
		F5C223D91B230873002949F4 /* Images.xcassets in Resources */ = {isa = PBXBuildFile; fileRef = F5C223D81B230873002949F4 /* Images.xcassets */; };
		F5C223DC1B230873002949F4 /* LaunchScreen.xib in Resources */ = {isa = PBXBuildFile; fileRef = F5C223DA1B230873002949F4 /* LaunchScreen.xib */; };
		F5C223F31B23090B002949F4 /* POLMoney.m in Sources */ = {isa = PBXBuildFile; fileRef = F5C223F21B23090B002949F4 /* POLMoney.m */; };
		F5C223F71B230929002949F4 /* POLBroker.m in Sources */ = {isa = PBXBuildFile; fileRef = F5C223F61B230929002949F4 /* POLBroker.m */; };
		F5C223FA1B23093A002949F4 /* POLWallet.m in Sources */ = {isa = PBXBuildFile; fileRef = F5C223F91B23093A002949F4 /* POLWallet.m */; };
		F5C223FE1B230A8A002949F4 /* POLMoneyTest.m in Sources */ = {isa = PBXBuildFile; fileRef = F5C223FD1B230A8A002949F4 /* POLMoneyTest.m */; };
		F5C224001B230A98002949F4 /* POLBrokerTest.m in Sources */ = {isa = PBXBuildFile; fileRef = F5C223FF1B230A98002949F4 /* POLBrokerTest.m */; };
		F5C224021B230AA2002949F4 /* POLWalletText.m in Sources */ = {isa = PBXBuildFile; fileRef = F5C224011B230AA2002949F4 /* POLWalletText.m */; };
		F5C224031B230B7C002949F4 /* POLMoney.m in Sources */ = {isa = PBXBuildFile; fileRef = F5C223F21B23090B002949F4 /* POLMoney.m */; };
		F5C224041B230B81002949F4 /* POLBroker.m in Sources */ = {isa = PBXBuildFile; fileRef = F5C223F61B230929002949F4 /* POLBroker.m */; };
		F5C224051B230B85002949F4 /* POLWallet.m in Sources */ = {isa = PBXBuildFile; fileRef = F5C223F91B23093A002949F4 /* POLWallet.m */; };
		F5C2240B1B2334FB002949F4 /* POLControllers.m in Sources */ = {isa = PBXBuildFile; fileRef = F5C2240A1B2334FB002949F4 /* POLControllers.m */; };
		F5C2240F1B23362A002949F4 /* POLWaletTableViewController.m in Sources */ = {isa = PBXBuildFile; fileRef = F5C2240E1B23362A002949F4 /* POLWaletTableViewController.m */; };
		F5C224101B2444C0002949F4 /* POLWaletTableViewController.m in Sources */ = {isa = PBXBuildFile; fileRef = F5C2240E1B23362A002949F4 /* POLWaletTableViewController.m */; };
/* End PBXBuildFile section */

/* Begin PBXContainerItemProxy section */
		F5C223E21B230874002949F4 /* PBXContainerItemProxy */ = {
			isa = PBXContainerItemProxy;
			containerPortal = F5C223C01B230873002949F4 /* Project object */;
			proxyType = 1;
			remoteGlobalIDString = F5C223C71B230873002949F4;
			remoteInfo = Wallet;
		};
/* End PBXContainerItemProxy section */

/* Begin PBXFileReference section */
		F5C223C81B230873002949F4 /* Wallet.app */ = {isa = PBXFileReference; explicitFileType = wrapper.application; includeInIndex = 0; path = Wallet.app; sourceTree = BUILT_PRODUCTS_DIR; };
		F5C223CC1B230873002949F4 /* Info.plist */ = {isa = PBXFileReference; lastKnownFileType = text.plist.xml; path = Info.plist; sourceTree = "<group>"; };
		F5C223CD1B230873002949F4 /* main.m */ = {isa = PBXFileReference; lastKnownFileType = sourcecode.c.objc; path = main.m; sourceTree = "<group>"; };
		F5C223CF1B230873002949F4 /* AppDelegate.h */ = {isa = PBXFileReference; lastKnownFileType = sourcecode.c.h; path = AppDelegate.h; sourceTree = "<group>"; };
		F5C223D01B230873002949F4 /* AppDelegate.m */ = {isa = PBXFileReference; lastKnownFileType = sourcecode.c.objc; path = AppDelegate.m; sourceTree = "<group>"; };
		F5C223D81B230873002949F4 /* Images.xcassets */ = {isa = PBXFileReference; lastKnownFileType = folder.assetcatalog; path = Images.xcassets; sourceTree = "<group>"; };
		F5C223DB1B230873002949F4 /* Base */ = {isa = PBXFileReference; lastKnownFileType = file.xib; name = Base; path = Base.lproj/LaunchScreen.xib; sourceTree = "<group>"; };
		F5C223E11B230874002949F4 /* WalletTests.xctest */ = {isa = PBXFileReference; explicitFileType = wrapper.cfbundle; includeInIndex = 0; path = WalletTests.xctest; sourceTree = BUILT_PRODUCTS_DIR; };
		F5C223E61B230874002949F4 /* Info.plist */ = {isa = PBXFileReference; lastKnownFileType = text.plist.xml; path = Info.plist; sourceTree = "<group>"; };
		F5C223F11B23090B002949F4 /* POLMoney.h */ = {isa = PBXFileReference; fileEncoding = 4; lastKnownFileType = sourcecode.c.h; path = POLMoney.h; sourceTree = "<group>"; };
		F5C223F21B23090B002949F4 /* POLMoney.m */ = {isa = PBXFileReference; fileEncoding = 4; lastKnownFileType = sourcecode.c.objc; path = POLMoney.m; sourceTree = "<group>"; };
		F5C223F51B230929002949F4 /* POLBroker.h */ = {isa = PBXFileReference; fileEncoding = 4; lastKnownFileType = sourcecode.c.h; path = POLBroker.h; sourceTree = "<group>"; };
		F5C223F61B230929002949F4 /* POLBroker.m */ = {isa = PBXFileReference; fileEncoding = 4; lastKnownFileType = sourcecode.c.objc; path = POLBroker.m; sourceTree = "<group>"; };
		F5C223F81B23093A002949F4 /* POLWallet.h */ = {isa = PBXFileReference; fileEncoding = 4; lastKnownFileType = sourcecode.c.h; path = POLWallet.h; sourceTree = "<group>"; };
		F5C223F91B23093A002949F4 /* POLWallet.m */ = {isa = PBXFileReference; fileEncoding = 4; lastKnownFileType = sourcecode.c.objc; path = POLWallet.m; sourceTree = "<group>"; };
		F5C223FD1B230A8A002949F4 /* POLMoneyTest.m */ = {isa = PBXFileReference; fileEncoding = 4; lastKnownFileType = sourcecode.c.objc; path = POLMoneyTest.m; sourceTree = "<group>"; };
		F5C223FF1B230A98002949F4 /* POLBrokerTest.m */ = {isa = PBXFileReference; fileEncoding = 4; lastKnownFileType = sourcecode.c.objc; path = POLBrokerTest.m; sourceTree = "<group>"; };
		F5C224011B230AA2002949F4 /* POLWalletText.m */ = {isa = PBXFileReference; fileEncoding = 4; lastKnownFileType = sourcecode.c.objc; path = POLWalletText.m; sourceTree = "<group>"; };
		F5C2240A1B2334FB002949F4 /* POLControllers.m */ = {isa = PBXFileReference; fileEncoding = 4; lastKnownFileType = sourcecode.c.objc; path = POLControllers.m; sourceTree = "<group>"; };
		F5C2240D1B23362A002949F4 /* POLWaletTableViewController.h */ = {isa = PBXFileReference; fileEncoding = 4; lastKnownFileType = sourcecode.c.h; path = POLWaletTableViewController.h; sourceTree = "<group>"; };
		F5C2240E1B23362A002949F4 /* POLWaletTableViewController.m */ = {isa = PBXFileReference; fileEncoding = 4; lastKnownFileType = sourcecode.c.objc; path = POLWaletTableViewController.m; sourceTree = "<group>"; };
/* End PBXFileReference section */

/* Begin PBXFrameworksBuildPhase section */
		F5C223C51B230873002949F4 /* Frameworks */ = {
			isa = PBXFrameworksBuildPhase;
			buildActionMask = 2147483647;
			files = (
			);
			runOnlyForDeploymentPostprocessing = 0;
		};
		F5C223DE1B230874002949F4 /* Frameworks */ = {
			isa = PBXFrameworksBuildPhase;
			buildActionMask = 2147483647;
			files = (
			);
			runOnlyForDeploymentPostprocessing = 0;
		};
/* End PBXFrameworksBuildPhase section */

/* Begin PBXGroup section */
		F5C223BF1B230873002949F4 = {
			isa = PBXGroup;
			children = (
				F5C223CA1B230873002949F4 /* Wallet */,
				F5C223E41B230874002949F4 /* WalletTests */,
				F5C223C91B230873002949F4 /* Products */,
			);
			sourceTree = "<group>";
		};
		F5C223C91B230873002949F4 /* Products */ = {
			isa = PBXGroup;
			children = (
				F5C223C81B230873002949F4 /* Wallet.app */,
				F5C223E11B230874002949F4 /* WalletTests.xctest */,
			);
			name = Products;
			sourceTree = "<group>";
		};
		F5C223CA1B230873002949F4 /* Wallet */ = {
			isa = PBXGroup;
			children = (
				F5C223CF1B230873002949F4 /* AppDelegate.h */,
				F5C223D01B230873002949F4 /* AppDelegate.m */,
				F5C223D81B230873002949F4 /* Images.xcassets */,
				F5C223DA1B230873002949F4 /* LaunchScreen.xib */,
				F5C223CB1B230873002949F4 /* Supporting Files */,
				F5C223F41B230910002949F4 /* Models */,
				F5C224091B2334D1002949F4 /* Controllers */,
			);
			path = Wallet;
			sourceTree = "<group>";
		};
		F5C223CB1B230873002949F4 /* Supporting Files */ = {
			isa = PBXGroup;
			children = (
				F5C223CC1B230873002949F4 /* Info.plist */,
				F5C223CD1B230873002949F4 /* main.m */,
			);
			name = "Supporting Files";
			sourceTree = "<group>";
		};
		F5C223E41B230874002949F4 /* WalletTests */ = {
			isa = PBXGroup;
			children = (
				F5C223E51B230874002949F4 /* Supporting Files */,
				F5C223FD1B230A8A002949F4 /* POLMoneyTest.m */,
				F5C223FF1B230A98002949F4 /* POLBrokerTest.m */,
				F5C224011B230AA2002949F4 /* POLWalletText.m */,
				F5C2240A1B2334FB002949F4 /* POLControllers.m */,
			);
			path = WalletTests;
			sourceTree = "<group>";
		};
		F5C223E51B230874002949F4 /* Supporting Files */ = {
			isa = PBXGroup;
			children = (
				F5C223E61B230874002949F4 /* Info.plist */,
			);
			name = "Supporting Files";
			sourceTree = "<group>";
		};
		F5C223F41B230910002949F4 /* Models */ = {
			isa = PBXGroup;
			children = (
				F5C223F11B23090B002949F4 /* POLMoney.h */,
				F5C223F21B23090B002949F4 /* POLMoney.m */,
				F5C223F51B230929002949F4 /* POLBroker.h */,
				F5C223F61B230929002949F4 /* POLBroker.m */,
				F5C223F81B23093A002949F4 /* POLWallet.h */,
				F5C223F91B23093A002949F4 /* POLWallet.m */,
			);
			name = Models;
			sourceTree = "<group>";
		};
		F5C224091B2334D1002949F4 /* Controllers */ = {
			isa = PBXGroup;
			children = (
				F5C2240D1B23362A002949F4 /* POLWaletTableViewController.h */,
				F5C2240E1B23362A002949F4 /* POLWaletTableViewController.m */,
			);
			name = Controllers;
			sourceTree = "<group>";
		};
/* End PBXGroup section */

/* Begin PBXNativeTarget section */
		F5C223C71B230873002949F4 /* Wallet */ = {
			isa = PBXNativeTarget;
			buildConfigurationList = F5C223EB1B230874002949F4 /* Build configuration list for PBXNativeTarget "Wallet" */;
			buildPhases = (
				F5C223C41B230873002949F4 /* Sources */,
				F5C223C51B230873002949F4 /* Frameworks */,
				F5C223C61B230873002949F4 /* Resources */,
			);
			buildRules = (
			);
			dependencies = (
			);
			name = Wallet;
			productName = Wallet;
			productReference = F5C223C81B230873002949F4 /* Wallet.app */;
			productType = "com.apple.product-type.application";
		};
		F5C223E01B230874002949F4 /* WalletTests */ = {
			isa = PBXNativeTarget;
			buildConfigurationList = F5C223EE1B230874002949F4 /* Build configuration list for PBXNativeTarget "WalletTests" */;
			buildPhases = (
				F5C223DD1B230874002949F4 /* Sources */,
				F5C223DE1B230874002949F4 /* Frameworks */,
				F5C223DF1B230874002949F4 /* Resources */,
			);
			buildRules = (
			);
			dependencies = (
				F5C223E31B230874002949F4 /* PBXTargetDependency */,
			);
			name = WalletTests;
			productName = WalletTests;
			productReference = F5C223E11B230874002949F4 /* WalletTests.xctest */;
			productType = "com.apple.product-type.bundle.unit-test";
		};
/* End PBXNativeTarget section */

/* Begin PBXProject section */
		F5C223C01B230873002949F4 /* Project object */ = {
			isa = PBXProject;
			attributes = {
				LastUpgradeCheck = 0630;
				ORGANIZATIONNAME = "Pawel Walicki";
				TargetAttributes = {
					F5C223C71B230873002949F4 = {
						CreatedOnToolsVersion = 6.3.2;
					};
					F5C223E01B230874002949F4 = {
						CreatedOnToolsVersion = 6.3.2;
						TestTargetID = F5C223C71B230873002949F4;
					};
				};
			};
			buildConfigurationList = F5C223C31B230873002949F4 /* Build configuration list for PBXProject "Wallet" */;
			compatibilityVersion = "Xcode 3.2";
			developmentRegion = English;
			hasScannedForEncodings = 0;
			knownRegions = (
				en,
				Base,
			);
			mainGroup = F5C223BF1B230873002949F4;
			productRefGroup = F5C223C91B230873002949F4 /* Products */;
			projectDirPath = "";
			projectRoot = "";
			targets = (
				F5C223C71B230873002949F4 /* Wallet */,
				F5C223E01B230874002949F4 /* WalletTests */,
			);
		};
/* End PBXProject section */

/* Begin PBXResourcesBuildPhase section */
		F5C223C61B230873002949F4 /* Resources */ = {
			isa = PBXResourcesBuildPhase;
			buildActionMask = 2147483647;
			files = (
				F5C223DC1B230873002949F4 /* LaunchScreen.xib in Resources */,
				F5C223D91B230873002949F4 /* Images.xcassets in Resources */,
			);
			runOnlyForDeploymentPostprocessing = 0;
		};
		F5C223DF1B230874002949F4 /* Resources */ = {
			isa = PBXResourcesBuildPhase;
			buildActionMask = 2147483647;
			files = (
			);
			runOnlyForDeploymentPostprocessing = 0;
		};
/* End PBXResourcesBuildPhase section */

/* Begin PBXSourcesBuildPhase section */
		F5C223C41B230873002949F4 /* Sources */ = {
			isa = PBXSourcesBuildPhase;
			buildActionMask = 2147483647;
			files = (
				F5C223F31B23090B002949F4 /* POLMoney.m in Sources */,
				F5C223D11B230873002949F4 /* AppDelegate.m in Sources */,
				F5C223FA1B23093A002949F4 /* POLWallet.m in Sources */,
				F5C223F71B230929002949F4 /* POLBroker.m in Sources */,
				F5C223CE1B230873002949F4 /* main.m in Sources */,
				F5C2240F1B23362A002949F4 /* POLWaletTableViewController.m in Sources */,
			);
			runOnlyForDeploymentPostprocessing = 0;
		};
		F5C223DD1B230874002949F4 /* Sources */ = {
			isa = PBXSourcesBuildPhase;
			buildActionMask = 2147483647;
			files = (
				F5C224031B230B7C002949F4 /* POLMoney.m in Sources */,
				F5C224051B230B85002949F4 /* POLWallet.m in Sources */,
				F5C223FE1B230A8A002949F4 /* POLMoneyTest.m in Sources */,
				F5C224001B230A98002949F4 /* POLBrokerTest.m in Sources */,
				F5C224041B230B81002949F4 /* POLBroker.m in Sources */,
				F5C2240B1B2334FB002949F4 /* POLControllers.m in Sources */,
				F5C224021B230AA2002949F4 /* POLWalletText.m in Sources */,
				F5C224101B2444C0002949F4 /* POLWaletTableViewController.m in Sources */,
			);
			runOnlyForDeploymentPostprocessing = 0;
		};
/* End PBXSourcesBuildPhase section */

/* Begin PBXTargetDependency section */
		F5C223E31B230874002949F4 /* PBXTargetDependency */ = {
			isa = PBXTargetDependency;
			target = F5C223C71B230873002949F4 /* Wallet */;
			targetProxy = F5C223E21B230874002949F4 /* PBXContainerItemProxy */;
		};
/* End PBXTargetDependency section */

/* Begin PBXVariantGroup section */
		F5C223DA1B230873002949F4 /* LaunchScreen.xib */ = {
			isa = PBXVariantGroup;
			children = (
				F5C223DB1B230873002949F4 /* Base */,
			);
			name = LaunchScreen.xib;
			sourceTree = "<group>";
		};
/* End PBXVariantGroup section */

/* Begin XCBuildConfiguration section */
		F5C223E91B230874002949F4 /* Debug */ = {
			isa = XCBuildConfiguration;
			buildSettings = {
				ALWAYS_SEARCH_USER_PATHS = NO;
				CLANG_CXX_LANGUAGE_STANDARD = "gnu++0x";
				CLANG_CXX_LIBRARY = "libc++";
				CLANG_ENABLE_MODULES = YES;
				CLANG_ENABLE_OBJC_ARC = YES;
				CLANG_WARN_BOOL_CONVERSION = YES;
				CLANG_WARN_CONSTANT_CONVERSION = YES;
				CLANG_WARN_DIRECT_OBJC_ISA_USAGE = YES_ERROR;
				CLANG_WARN_EMPTY_BODY = YES;
				CLANG_WARN_ENUM_CONVERSION = YES;
				CLANG_WARN_INT_CONVERSION = YES;
				CLANG_WARN_OBJC_ROOT_CLASS = YES_ERROR;
				CLANG_WARN_UNREACHABLE_CODE = YES;
				CLANG_WARN__DUPLICATE_METHOD_MATCH = YES;
				"CODE_SIGN_IDENTITY[sdk=iphoneos*]" = "iPhone Developer";
				COPY_PHASE_STRIP = NO;
				DEBUG_INFORMATION_FORMAT = "dwarf-with-dsym";
				ENABLE_STRICT_OBJC_MSGSEND = YES;
				GCC_C_LANGUAGE_STANDARD = gnu99;
				GCC_DYNAMIC_NO_PIC = NO;
				GCC_NO_COMMON_BLOCKS = YES;
				GCC_OPTIMIZATION_LEVEL = 0;
				GCC_PREPROCESSOR_DEFINITIONS = (
					"DEBUG=1",
					"$(inherited)",
				);
				GCC_SYMBOLS_PRIVATE_EXTERN = NO;
				GCC_WARN_64_TO_32_BIT_CONVERSION = YES;
				GCC_WARN_ABOUT_RETURN_TYPE = YES_ERROR;
				GCC_WARN_UNDECLARED_SELECTOR = YES;
				GCC_WARN_UNINITIALIZED_AUTOS = YES_AGGRESSIVE;
				GCC_WARN_UNUSED_FUNCTION = YES;
				GCC_WARN_UNUSED_VARIABLE = YES;
				IPHONEOS_DEPLOYMENT_TARGET = 8.3;
				MTL_ENABLE_DEBUG_INFO = YES;
				ONLY_ACTIVE_ARCH = YES;
				SDKROOT = iphoneos;
			};
			name = Debug;
		};
		F5C223EA1B230874002949F4 /* Release */ = {
			isa = XCBuildConfiguration;
			buildSettings = {
				ALWAYS_SEARCH_USER_PATHS = NO;
				CLANG_CXX_LANGUAGE_STANDARD = "gnu++0x";
				CLANG_CXX_LIBRARY = "libc++";
				CLANG_ENABLE_MODULES = YES;
				CLANG_ENABLE_OBJC_ARC = YES;
				CLANG_WARN_BOOL_CONVERSION = YES;
				CLANG_WARN_CONSTANT_CONVERSION = YES;
				CLANG_WARN_DIRECT_OBJC_ISA_USAGE = YES_ERROR;
				CLANG_WARN_EMPTY_BODY = YES;
				CLANG_WARN_ENUM_CONVERSION = YES;
				CLANG_WARN_INT_CONVERSION = YES;
				CLANG_WARN_OBJC_ROOT_CLASS = YES_ERROR;
				CLANG_WARN_UNREACHABLE_CODE = YES;
				CLANG_WARN__DUPLICATE_METHOD_MATCH = YES;
				"CODE_SIGN_IDENTITY[sdk=iphoneos*]" = "iPhone Developer";
				COPY_PHASE_STRIP = NO;
				DEBUG_INFORMATION_FORMAT = "dwarf-with-dsym";
				ENABLE_NS_ASSERTIONS = NO;
				ENABLE_STRICT_OBJC_MSGSEND = YES;
				GCC_C_LANGUAGE_STANDARD = gnu99;
				GCC_NO_COMMON_BLOCKS = YES;
				GCC_WARN_64_TO_32_BIT_CONVERSION = YES;
				GCC_WARN_ABOUT_RETURN_TYPE = YES_ERROR;
				GCC_WARN_UNDECLARED_SELECTOR = YES;
				GCC_WARN_UNINITIALIZED_AUTOS = YES_AGGRESSIVE;
				GCC_WARN_UNUSED_FUNCTION = YES;
				GCC_WARN_UNUSED_VARIABLE = YES;
				IPHONEOS_DEPLOYMENT_TARGET = 8.3;
				MTL_ENABLE_DEBUG_INFO = NO;
				SDKROOT = iphoneos;
				VALIDATE_PRODUCT = YES;
			};
			name = Release;
		};
		F5C223EC1B230874002949F4 /* Debug */ = {
			isa = XCBuildConfiguration;
			buildSettings = {
				ASSETCATALOG_COMPILER_APPICON_NAME = AppIcon;
				INFOPLIST_FILE = Wallet/Info.plist;
				LD_RUNPATH_SEARCH_PATHS = "$(inherited) @executable_path/Frameworks";
				PRODUCT_NAME = "$(TARGET_NAME)";
			};
			name = Debug;
		};
		F5C223ED1B230874002949F4 /* Release */ = {
			isa = XCBuildConfiguration;
			buildSettings = {
				ASSETCATALOG_COMPILER_APPICON_NAME = AppIcon;
				INFOPLIST_FILE = Wallet/Info.plist;
				LD_RUNPATH_SEARCH_PATHS = "$(inherited) @executable_path/Frameworks";
				PRODUCT_NAME = "$(TARGET_NAME)";
			};
			name = Release;
		};
		F5C223EF1B230874002949F4 /* Debug */ = {
			isa = XCBuildConfiguration;
			buildSettings = {
				BUNDLE_LOADER = "$(TEST_HOST)";
				FRAMEWORK_SEARCH_PATHS = (
					"$(SDKROOT)/Developer/Library/Frameworks",
					"$(inherited)",
				);
				GCC_PREPROCESSOR_DEFINITIONS = (
					"DEBUG=1",
					"$(inherited)",
				);
				INFOPLIST_FILE = WalletTests/Info.plist;
				LD_RUNPATH_SEARCH_PATHS = "$(inherited) @executable_path/Frameworks @loader_path/Frameworks";
				PRODUCT_NAME = "$(TARGET_NAME)";
				TEST_HOST = "$(BUILT_PRODUCTS_DIR)/Wallet.app/Wallet";
			};
			name = Debug;
		};
		F5C223F01B230874002949F4 /* Release */ = {
			isa = XCBuildConfiguration;
			buildSettings = {
				BUNDLE_LOADER = "$(TEST_HOST)";
				FRAMEWORK_SEARCH_PATHS = (
					"$(SDKROOT)/Developer/Library/Frameworks",
					"$(inherited)",
				);
				INFOPLIST_FILE = WalletTests/Info.plist;
				LD_RUNPATH_SEARCH_PATHS = "$(inherited) @executable_path/Frameworks @loader_path/Frameworks";
				PRODUCT_NAME = "$(TARGET_NAME)";
				TEST_HOST = "$(BUILT_PRODUCTS_DIR)/Wallet.app/Wallet";
			};
			name = Release;
		};
/* End XCBuildConfiguration section */

/* Begin XCConfigurationList section */
		F5C223C31B230873002949F4 /* Build configuration list for PBXProject "Wallet" */ = {
			isa = XCConfigurationList;
			buildConfigurations = (
				F5C223E91B230874002949F4 /* Debug */,
				F5C223EA1B230874002949F4 /* Release */,
			);
			defaultConfigurationIsVisible = 0;
			defaultConfigurationName = Release;
		};
		F5C223EB1B230874002949F4 /* Build configuration list for PBXNativeTarget "Wallet" */ = {
			isa = XCConfigurationList;
			buildConfigurations = (
				F5C223EC1B230874002949F4 /* Debug */,
				F5C223ED1B230874002949F4 /* Release */,
			);
			defaultConfigurationIsVisible = 0;
		};
		F5C223EE1B230874002949F4 /* Build configuration list for PBXNativeTarget "WalletTests" */ = {
			isa = XCConfigurationList;
			buildConfigurations = (
				F5C223EF1B230874002949F4 /* Debug */,
				F5C223F01B230874002949F4 /* Release */,
			);
			defaultConfigurationIsVisible = 0;
		};
/* End XCConfigurationList section */
	};
	rootObject = F5C223C01B230873002949F4 /* Project object */;
}
